
Microsoft Visual Studio Solution File, Format Version 12.00
# Visual Studio 15
VisualStudioVersion = 15.0.27130.2027
MinimumVisualStudioVersion = 10.0.40219.1
Project("{FAE04EC0-301F-11D3-BF4B-00C04F79EFBC}") = "La Piazzetta", "La Piazzetta\La Piazzetta.csproj", "{F6A13B43-E6E9-4D55-8CFC-E8E37D52FE38}"
EndProject
Global
	GlobalSection(SolutionConfigurationPlatforms) = preSolution
		Debug|Any CPU = Debug|Any CPU
		Release|Any CPU = Release|Any CPU
	EndGlobalSection
	GlobalSection(ProjectConfigurationPlatforms) = postSolution
		{F6A13B43-E6E9-4D55-8CFC-E8E37D52FE38}.Debug|Any CPU.ActiveCfg = Debug|Any CPU
		{F6A13B43-E6E9-4D55-8CFC-E8E37D52FE38}.Debug|Any CPU.Build.0 = Debug|Any CPU
		{F6A13B43-E6E9-4D55-8CFC-E8E37D52FE38}.Release|Any CPU.ActiveCfg = Release|Any CPU
		{F6A13B43-E6E9-4D55-8CFC-E8E37D52FE38}.Release|Any CPU.Build.0 = Release|Any CPU
	EndGlobalSection
	GlobalSection(SolutionProperties) = preSolution
		HideSolutionNode = FALSE
	EndGlobalSection
	GlobalSection(ExtensibilityGlobals) = postSolution
		SolutionGuid = {70051CCD-B491-431C-8690-A5E0417D4A94}
	EndGlobalSection
EndGlobal
